
Microsoft Visual Studio Solution File, Format Version 12.00
# Visual Studio Version 17
VisualStudioVersion = 17.4.33213.308
MinimumVisualStudioVersion = 10.0.40219.1
Project("{2150E333-8FDC-42A3-9474-1A3956D46DE8}") = "src", "src", "{798224F4-C96D-41BA-9B7E-A74236129433}"
EndProject
Project("{2150E333-8FDC-42A3-9474-1A3956D46DE8}") = "BuildingBlocks", "BuildingBlocks", "{87017CEC-F1C0-4F82-9C2D-45C6F30340C2}"
EndProject
Project("{2150E333-8FDC-42A3-9474-1A3956D46DE8}") = "EventBus", "EventBus", "{A42943D3-8073-4D4C-8EA2-012323CF192E}"
EndProject
Project("{9A19103F-16F7-4668-BE54-9A1E7A4F7556}") = "EventBusServiceBus", "src\BuildingBlocks\EventBus\EventBusServiceBus\EventBusServiceBus.csproj", "{69D8E4F9-909A-4FED-BAB9-B1D53F26B37C}"
EndProject
Project("{9A19103F-16F7-4668-BE54-9A1E7A4F7556}") = "EventBus", "src\BuildingBlocks\EventBus\EventBus\EventBus.csproj", "{68E4F4E0-4A9D-4123-BE7F-8C390054FDE8}"
EndProject
Project("{9A19103F-16F7-4668-BE54-9A1E7A4F7556}") = "EventBusRabbitMQ", "src\BuildingBlocks\EventBus\EventBusRabbitMQ\EventBusRabbitMQ.csproj", "{6A1595E0-671D-4F28-93B8-0373DF92A884}"
EndProject
Project("{9A19103F-16F7-4668-BE54-9A1E7A4F7556}") = "EventBusFactory", "src\BuildingBlocks\EventBus\EventBusFactory\EventBusFactory.csproj", "{BFF0CCF2-B2BD-4C35-AFD6-F1F74FA852DB}"
EndProject
Project("{2150E333-8FDC-42A3-9474-1A3956D46DE8}") = "Services", "Services", "{C0D1D2A1-1761-47B9-BD19-B0222D758BD3}"
EndProject
Project("{2150E333-8FDC-42A3-9474-1A3956D46DE8}") = "Catalog", "Catalog", "{CB3DFE98-2747-4FC4-B6FE-830EC1BEA2A4}"
EndProject
Project("{9A19103F-16F7-4668-BE54-9A1E7A4F7556}") = "Catalog.API", "src\Services\Catalog\Catalog.API\Catalog.API.csproj", "{10B77A86-1EA2-4D1A-844F-CAB291D04C97}"
EndProject
Project("{2150E333-8FDC-42A3-9474-1A3956D46DE8}") = "Payment", "Payment", "{B002B6F7-EA59-4907-A958-358F160C6780}"
EndProject
Project("{9A19103F-16F7-4668-BE54-9A1E7A4F7556}") = "Payment.API", "src\Services\Payment\Payment.API\Payment.API.csproj", "{6D025B4F-E19D-404C-AD3F-8DA74C2639C4}"
EndProject
Project("{2150E333-8FDC-42A3-9474-1A3956D46DE8}") = "Notification", "Notification", "{96D97459-9240-4E98-9999-F62D50509019}"
EndProject
Project("{FAE04EC0-301F-11D3-BF4B-00C04F79EFBC}") = "Notification.Console", "src\Services\Notification\Notification.Console\Notification.Console.csproj", "{0F7F4074-FD67-4510-9FBF-0FCA80D86C7A}"
EndProject
Project("{2150E333-8FDC-42A3-9474-1A3956D46DE8}") = "Identity", "Identity", "{5A8C1420-4550-4D6E-8025-BDF5D66DF839}"
EndProject
Project("{FAE04EC0-301F-11D3-BF4B-00C04F79EFBC}") = "Identity.API", "src\Services\Identity\Identity.API\Identity.API.csproj", "{9A938AC1-EF47-4290-9DF7-29CDAF843D46}"
EndProject
Project("{2150E333-8FDC-42A3-9474-1A3956D46DE8}") = "docker-compose-files", "docker-compose-files", "{6EC23AA8-8937-421F-8F19-C4CDF88A20EB}"
EndProject
Project("{2150E333-8FDC-42A3-9474-1A3956D46DE8}") = "consul", "consul", "{BE762732-C4F7-42C7-9A17-62BCE548A2C1}"
	ProjectSection(SolutionItems) = preProject
		docker-compose-files\consul\docker-compose.yml = docker-compose-files\consul\docker-compose.yml
	EndProjectSection
EndProject
Project("{2150E333-8FDC-42A3-9474-1A3956D46DE8}") = "rabbitmq", "rabbitmq", "{90C669C2-574B-41A7-BDF0-EC90C6DE47FE}"
	ProjectSection(SolutionItems) = preProject
		docker-compose-files\rabbitmq\docker-compose.yml = docker-compose-files\rabbitmq\docker-compose.yml
	EndProjectSection
EndProject
Project("{2150E333-8FDC-42A3-9474-1A3956D46DE8}") = "redis", "redis", "{92659BA8-E40D-49C6-AF07-1CC057409D0C}"
	ProjectSection(SolutionItems) = preProject
		docker-compose-files\redis\docker-compose.yml = docker-compose-files\redis\docker-compose.yml
	EndProjectSection
EndProject
Project("{2150E333-8FDC-42A3-9474-1A3956D46DE8}") = "sqlserver", "sqlserver", "{886DA4BF-EF52-4DA1-A263-81D7DF3C1DD4}"
	ProjectSection(SolutionItems) = preProject
		docker-compose-files\sqlserver\docker-compose.yml = docker-compose-files\sqlserver\docker-compose.yml
	EndProjectSection
EndProject
Project("{2150E333-8FDC-42A3-9474-1A3956D46DE8}") = "Solution Items", "Solution Items", "{53C4BABE-A0CE-43E2-BEFA-B54B4276C280}"
	ProjectSection(SolutionItems) = preProject
		ServiceUrls.txt = ServiceUrls.txt
	EndProjectSection
EndProject
Project("{2150E333-8FDC-42A3-9474-1A3956D46DE8}") = "ApiGateways", "ApiGateways", "{DDACA56D-0E74-443C-9BA2-34B127C9FF6C}"
EndProject
Project("{FAE04EC0-301F-11D3-BF4B-00C04F79EFBC}") = "Web.ApiGateway", "src\ApiGateways\Web.ApiGateway\Web.ApiGateway.csproj", "{56AF0FCF-10A6-466A-8FD1-CB9A2E5B3948}"
EndProject
Global
	GlobalSection(SolutionConfigurationPlatforms) = preSolution
		Debug|Any CPU = Debug|Any CPU
		Release|Any CPU = Release|Any CPU
	EndGlobalSection
	GlobalSection(ProjectConfigurationPlatforms) = postSolution
		{69D8E4F9-909A-4FED-BAB9-B1D53F26B37C}.Debug|Any CPU.ActiveCfg = Debug|Any CPU
		{69D8E4F9-909A-4FED-BAB9-B1D53F26B37C}.Debug|Any CPU.Build.0 = Debug|Any CPU
		{69D8E4F9-909A-4FED-BAB9-B1D53F26B37C}.Release|Any CPU.ActiveCfg = Release|Any CPU
		{69D8E4F9-909A-4FED-BAB9-B1D53F26B37C}.Release|Any CPU.Build.0 = Release|Any CPU
		{68E4F4E0-4A9D-4123-BE7F-8C390054FDE8}.Debug|Any CPU.ActiveCfg = Debug|Any CPU
		{68E4F4E0-4A9D-4123-BE7F-8C390054FDE8}.Debug|Any CPU.Build.0 = Debug|Any CPU
		{68E4F4E0-4A9D-4123-BE7F-8C390054FDE8}.Release|Any CPU.ActiveCfg = Release|Any CPU
		{68E4F4E0-4A9D-4123-BE7F-8C390054FDE8}.Release|Any CPU.Build.0 = Release|Any CPU
		{6A1595E0-671D-4F28-93B8-0373DF92A884}.Debug|Any CPU.ActiveCfg = Debug|Any CPU
		{6A1595E0-671D-4F28-93B8-0373DF92A884}.Debug|Any CPU.Build.0 = Debug|Any CPU
		{6A1595E0-671D-4F28-93B8-0373DF92A884}.Release|Any CPU.ActiveCfg = Release|Any CPU
		{6A1595E0-671D-4F28-93B8-0373DF92A884}.Release|Any CPU.Build.0 = Release|Any CPU
		{BFF0CCF2-B2BD-4C35-AFD6-F1F74FA852DB}.Debug|Any CPU.ActiveCfg = Debug|Any CPU
		{BFF0CCF2-B2BD-4C35-AFD6-F1F74FA852DB}.Debug|Any CPU.Build.0 = Debug|Any CPU
		{BFF0CCF2-B2BD-4C35-AFD6-F1F74FA852DB}.Release|Any CPU.ActiveCfg = Release|Any CPU
		{BFF0CCF2-B2BD-4C35-AFD6-F1F74FA852DB}.Release|Any CPU.Build.0 = Release|Any CPU
		{10B77A86-1EA2-4D1A-844F-CAB291D04C97}.Debug|Any CPU.ActiveCfg = Debug|Any CPU
		{10B77A86-1EA2-4D1A-844F-CAB291D04C97}.Debug|Any CPU.Build.0 = Debug|Any CPU
		{10B77A86-1EA2-4D1A-844F-CAB291D04C97}.Release|Any CPU.ActiveCfg = Release|Any CPU
		{10B77A86-1EA2-4D1A-844F-CAB291D04C97}.Release|Any CPU.Build.0 = Release|Any CPU
		{6D025B4F-E19D-404C-AD3F-8DA74C2639C4}.Debug|Any CPU.ActiveCfg = Debug|Any CPU
		{6D025B4F-E19D-404C-AD3F-8DA74C2639C4}.Debug|Any CPU.Build.0 = Debug|Any CPU
		{6D025B4F-E19D-404C-AD3F-8DA74C2639C4}.Release|Any CPU.ActiveCfg = Release|Any CPU
		{6D025B4F-E19D-404C-AD3F-8DA74C2639C4}.Release|Any CPU.Build.0 = Release|Any CPU
		{0F7F4074-FD67-4510-9FBF-0FCA80D86C7A}.Debug|Any CPU.ActiveCfg = Debug|Any CPU
		{0F7F4074-FD67-4510-9FBF-0FCA80D86C7A}.Debug|Any CPU.Build.0 = Debug|Any CPU
		{0F7F4074-FD67-4510-9FBF-0FCA80D86C7A}.Release|Any CPU.ActiveCfg = Release|Any CPU
		{0F7F4074-FD67-4510-9FBF-0FCA80D86C7A}.Release|Any CPU.Build.0 = Release|Any CPU
		{9A938AC1-EF47-4290-9DF7-29CDAF843D46}.Debug|Any CPU.ActiveCfg = Debug|Any CPU
		{9A938AC1-EF47-4290-9DF7-29CDAF843D46}.Debug|Any CPU.Build.0 = Debug|Any CPU
		{9A938AC1-EF47-4290-9DF7-29CDAF843D46}.Release|Any CPU.ActiveCfg = Release|Any CPU
		{9A938AC1-EF47-4290-9DF7-29CDAF843D46}.Release|Any CPU.Build.0 = Release|Any CPU
		{56AF0FCF-10A6-466A-8FD1-CB9A2E5B3948}.Debug|Any CPU.ActiveCfg = Debug|Any CPU
		{56AF0FCF-10A6-466A-8FD1-CB9A2E5B3948}.Debug|Any CPU.Build.0 = Debug|Any CPU
		{56AF0FCF-10A6-466A-8FD1-CB9A2E5B3948}.Release|Any CPU.ActiveCfg = Release|Any CPU
		{56AF0FCF-10A6-466A-8FD1-CB9A2E5B3948}.Release|Any CPU.Build.0 = Release|Any CPU
	EndGlobalSection
	GlobalSection(SolutionProperties) = preSolution
		HideSolutionNode = FALSE
	EndGlobalSection
	GlobalSection(NestedProjects) = preSolution
		{87017CEC-F1C0-4F82-9C2D-45C6F30340C2} = {798224F4-C96D-41BA-9B7E-A74236129433}
		{A42943D3-8073-4D4C-8EA2-012323CF192E} = {87017CEC-F1C0-4F82-9C2D-45C6F30340C2}
		{69D8E4F9-909A-4FED-BAB9-B1D53F26B37C} = {A42943D3-8073-4D4C-8EA2-012323CF192E}
		{68E4F4E0-4A9D-4123-BE7F-8C390054FDE8} = {A42943D3-8073-4D4C-8EA2-012323CF192E}
		{6A1595E0-671D-4F28-93B8-0373DF92A884} = {A42943D3-8073-4D4C-8EA2-012323CF192E}
		{BFF0CCF2-B2BD-4C35-AFD6-F1F74FA852DB} = {A42943D3-8073-4D4C-8EA2-012323CF192E}
		{C0D1D2A1-1761-47B9-BD19-B0222D758BD3} = {798224F4-C96D-41BA-9B7E-A74236129433}
		{CB3DFE98-2747-4FC4-B6FE-830EC1BEA2A4} = {C0D1D2A1-1761-47B9-BD19-B0222D758BD3}
		{10B77A86-1EA2-4D1A-844F-CAB291D04C97} = {CB3DFE98-2747-4FC4-B6FE-830EC1BEA2A4}
		{B002B6F7-EA59-4907-A958-358F160C6780} = {C0D1D2A1-1761-47B9-BD19-B0222D758BD3}
		{6D025B4F-E19D-404C-AD3F-8DA74C2639C4} = {B002B6F7-EA59-4907-A958-358F160C6780}
		{96D97459-9240-4E98-9999-F62D50509019} = {C0D1D2A1-1761-47B9-BD19-B0222D758BD3}
		{0F7F4074-FD67-4510-9FBF-0FCA80D86C7A} = {96D97459-9240-4E98-9999-F62D50509019}
		{5A8C1420-4550-4D6E-8025-BDF5D66DF839} = {C0D1D2A1-1761-47B9-BD19-B0222D758BD3}
		{9A938AC1-EF47-4290-9DF7-29CDAF843D46} = {5A8C1420-4550-4D6E-8025-BDF5D66DF839}
		{BE762732-C4F7-42C7-9A17-62BCE548A2C1} = {6EC23AA8-8937-421F-8F19-C4CDF88A20EB}
		{90C669C2-574B-41A7-BDF0-EC90C6DE47FE} = {6EC23AA8-8937-421F-8F19-C4CDF88A20EB}
		{92659BA8-E40D-49C6-AF07-1CC057409D0C} = {6EC23AA8-8937-421F-8F19-C4CDF88A20EB}
		{886DA4BF-EF52-4DA1-A263-81D7DF3C1DD4} = {6EC23AA8-8937-421F-8F19-C4CDF88A20EB}
		{DDACA56D-0E74-443C-9BA2-34B127C9FF6C} = {798224F4-C96D-41BA-9B7E-A74236129433}
		{56AF0FCF-10A6-466A-8FD1-CB9A2E5B3948} = {DDACA56D-0E74-443C-9BA2-34B127C9FF6C}
	EndGlobalSection
	GlobalSection(ExtensibilityGlobals) = postSolution
		SolutionGuid = {7164F5FC-1C19-4A7A-B7BD-AE7D43FC4B51}
	EndGlobalSection
EndGlobal
